// !$*UTF8*$!
{
	archiveVersion = 1;
	classes = {
	};
	objectVersion = 46;
	objects = {

/* Begin PBXBuildFile section */
		DB0A577816E6592F00760832 /* PMProfileManager.m in Sources */ = {isa = PBXBuildFile; fileRef = DB0A577716E6592F00760832 /* PMProfileManager.m */; };
		DB2C2A7316E431AE001384E4 /* Cocoa.framework in Frameworks */ = {isa = PBXBuildFile; fileRef = DB2C2A7216E431AE001384E4 /* Cocoa.framework */; };
		DB2C2A7D16E431AE001384E4 /* InfoPlist.strings in Resources */ = {isa = PBXBuildFile; fileRef = DB2C2A7B16E431AE001384E4 /* InfoPlist.strings */; };
		DB2C2A7F16E431AE001384E4 /* main.m in Sources */ = {isa = PBXBuildFile; fileRef = DB2C2A7E16E431AE001384E4 /* main.m */; };
		DB2C2A8316E431AE001384E4 /* Credits.rtf in Resources */ = {isa = PBXBuildFile; fileRef = DB2C2A8116E431AE001384E4 /* Credits.rtf */; };
		DB2C2A8616E431AE001384E4 /* PMAppDelegate.m in Sources */ = {isa = PBXBuildFile; fileRef = DB2C2A8516E431AE001384E4 /* PMAppDelegate.m */; };
		DB2C2A8916E431AE001384E4 /* MainMenu.xib in Resources */ = {isa = PBXBuildFile; fileRef = DB2C2A8716E431AE001384E4 /* MainMenu.xib */; };
		DB2C2A9116E431AE001384E4 /* SenTestingKit.framework in Frameworks */ = {isa = PBXBuildFile; fileRef = DB2C2A9016E431AE001384E4 /* SenTestingKit.framework */; };
		DB2C2A9216E431AE001384E4 /* Cocoa.framework in Frameworks */ = {isa = PBXBuildFile; fileRef = DB2C2A7216E431AE001384E4 /* Cocoa.framework */; };
		DB2C2A9A16E431AE001384E4 /* InfoPlist.strings in Resources */ = {isa = PBXBuildFile; fileRef = DB2C2A9816E431AE001384E4 /* InfoPlist.strings */; };
		DB2C2A9D16E431AE001384E4 /* ProductivityManagerTests.m in Sources */ = {isa = PBXBuildFile; fileRef = DB2C2A9C16E431AE001384E4 /* ProductivityManagerTests.m */; };
		DB2C2AA816E43712001384E4 /* PMModeManager.m in Sources */ = {isa = PBXBuildFile; fileRef = DB2C2AA716E43712001384E4 /* PMModeManager.m */; };
		DB2C2AAA16E43A58001384E4 /* todo.txt in Resources */ = {isa = PBXBuildFile; fileRef = DB2C2AA916E43A58001384E4 /* todo.txt */; };
		DB85F10C16F3D18700855368 /* PMProfileDataSource.m in Sources */ = {isa = PBXBuildFile; fileRef = DB85F10B16F3D18700855368 /* PMProfileDataSource.m */; };
		DBAB410416E48BD600BCB5C2 /* pen-and-notepad-icon-vector-981374.png in Resources */ = {isa = PBXBuildFile; fileRef = DBAB410316E48BD600BCB5C2 /* pen-and-notepad-icon-vector-981374.png */; };
		DBAB410816E48DD900BCB5C2 /* PMIcon.icns in Resources */ = {isa = PBXBuildFile; fileRef = DBAB410716E48DD900BCB5C2 /* PMIcon.icns */; };
		DBE8DA7E16E54A7400739055 /* PMUtils.m in Sources */ = {isa = PBXBuildFile; fileRef = DBE8DA7D16E54A7400739055 /* PMUtils.m */; };
/* End PBXBuildFile section */

/* Begin PBXContainerItemProxy section */
		DB2C2A9316E431AE001384E4 /* PBXContainerItemProxy */ = {
			isa = PBXContainerItemProxy;
			containerPortal = DB2C2A6716E431AE001384E4 /* Project object */;
			proxyType = 1;
			remoteGlobalIDString = DB2C2A6E16E431AE001384E4;
			remoteInfo = ProductivityManager;
		};
/* End PBXContainerItemProxy section */

/* Begin PBXFileReference section */
		DB0A577616E6592F00760832 /* PMProfileManager.h */ = {isa = PBXFileReference; fileEncoding = 4; lastKnownFileType = sourcecode.c.h; path = PMProfileManager.h; sourceTree = "<group>"; };
		DB0A577716E6592F00760832 /* PMProfileManager.m */ = {isa = PBXFileReference; fileEncoding = 4; lastKnownFileType = sourcecode.c.objc; path = PMProfileManager.m; sourceTree = "<group>"; };
		DB2C2A6F16E431AE001384E4 /* ProductivityManager.app */ = {isa = PBXFileReference; explicitFileType = wrapper.application; includeInIndex = 0; path = ProductivityManager.app; sourceTree = BUILT_PRODUCTS_DIR; };
		DB2C2A7216E431AE001384E4 /* Cocoa.framework */ = {isa = PBXFileReference; lastKnownFileType = wrapper.framework; name = Cocoa.framework; path = System/Library/Frameworks/Cocoa.framework; sourceTree = SDKROOT; };
		DB2C2A7516E431AE001384E4 /* AppKit.framework */ = {isa = PBXFileReference; lastKnownFileType = wrapper.framework; name = AppKit.framework; path = System/Library/Frameworks/AppKit.framework; sourceTree = SDKROOT; };
		DB2C2A7616E431AE001384E4 /* CoreData.framework */ = {isa = PBXFileReference; lastKnownFileType = wrapper.framework; name = CoreData.framework; path = System/Library/Frameworks/CoreData.framework; sourceTree = SDKROOT; };
		DB2C2A7716E431AE001384E4 /* Foundation.framework */ = {isa = PBXFileReference; lastKnownFileType = wrapper.framework; name = Foundation.framework; path = System/Library/Frameworks/Foundation.framework; sourceTree = SDKROOT; };
		DB2C2A7A16E431AE001384E4 /* ProductivityManager-Info.plist */ = {isa = PBXFileReference; lastKnownFileType = text.plist.xml; path = "ProductivityManager-Info.plist"; sourceTree = "<group>"; };
		DB2C2A7C16E431AE001384E4 /* en */ = {isa = PBXFileReference; lastKnownFileType = text.plist.strings; name = en; path = en.lproj/InfoPlist.strings; sourceTree = "<group>"; };
		DB2C2A7E16E431AE001384E4 /* main.m */ = {isa = PBXFileReference; lastKnownFileType = sourcecode.c.objc; path = main.m; sourceTree = "<group>"; };
		DB2C2A8016E431AE001384E4 /* ProductivityManager-Prefix.pch */ = {isa = PBXFileReference; lastKnownFileType = sourcecode.c.h; path = "ProductivityManager-Prefix.pch"; sourceTree = "<group>"; };
		DB2C2A8216E431AE001384E4 /* en */ = {isa = PBXFileReference; lastKnownFileType = text.rtf; name = en; path = en.lproj/Credits.rtf; sourceTree = "<group>"; };
		DB2C2A8416E431AE001384E4 /* PMAppDelegate.h */ = {isa = PBXFileReference; lastKnownFileType = sourcecode.c.h; path = PMAppDelegate.h; sourceTree = "<group>"; };
		DB2C2A8516E431AE001384E4 /* PMAppDelegate.m */ = {isa = PBXFileReference; lastKnownFileType = sourcecode.c.objc; path = PMAppDelegate.m; sourceTree = "<group>"; };
		DB2C2A8816E431AE001384E4 /* en */ = {isa = PBXFileReference; lastKnownFileType = file.xib; name = en; path = en.lproj/MainMenu.xib; sourceTree = "<group>"; };
		DB2C2A8F16E431AE001384E4 /* ProductivityManagerTests.octest */ = {isa = PBXFileReference; explicitFileType = wrapper.cfbundle; includeInIndex = 0; path = ProductivityManagerTests.octest; sourceTree = BUILT_PRODUCTS_DIR; };
		DB2C2A9016E431AE001384E4 /* SenTestingKit.framework */ = {isa = PBXFileReference; lastKnownFileType = wrapper.framework; name = SenTestingKit.framework; path = Library/Frameworks/SenTestingKit.framework; sourceTree = DEVELOPER_DIR; };
		DB2C2A9716E431AE001384E4 /* ProductivityManagerTests-Info.plist */ = {isa = PBXFileReference; lastKnownFileType = text.plist.xml; path = "ProductivityManagerTests-Info.plist"; sourceTree = "<group>"; };
		DB2C2A9916E431AE001384E4 /* en */ = {isa = PBXFileReference; lastKnownFileType = text.plist.strings; name = en; path = en.lproj/InfoPlist.strings; sourceTree = "<group>"; };
		DB2C2A9B16E431AE001384E4 /* ProductivityManagerTests.h */ = {isa = PBXFileReference; lastKnownFileType = sourcecode.c.h; path = ProductivityManagerTests.h; sourceTree = "<group>"; };
		DB2C2A9C16E431AE001384E4 /* ProductivityManagerTests.m */ = {isa = PBXFileReference; lastKnownFileType = sourcecode.c.objc; path = ProductivityManagerTests.m; sourceTree = "<group>"; };
		DB2C2AA616E43712001384E4 /* PMModeManager.h */ = {isa = PBXFileReference; fileEncoding = 4; lastKnownFileType = sourcecode.c.h; path = PMModeManager.h; sourceTree = "<group>"; };
		DB2C2AA716E43712001384E4 /* PMModeManager.m */ = {isa = PBXFileReference; fileEncoding = 4; lastKnownFileType = sourcecode.c.objc; path = PMModeManager.m; sourceTree = "<group>"; };
		DB2C2AA916E43A58001384E4 /* todo.txt */ = {isa = PBXFileReference; fileEncoding = 4; lastKnownFileType = text; path = todo.txt; sourceTree = "<group>"; };
		DB85F10A16F3D18700855368 /* PMProfileDataSource.h */ = {isa = PBXFileReference; fileEncoding = 4; lastKnownFileType = sourcecode.c.h; path = PMProfileDataSource.h; sourceTree = "<group>"; };
		DB85F10B16F3D18700855368 /* PMProfileDataSource.m */ = {isa = PBXFileReference; fileEncoding = 4; lastKnownFileType = sourcecode.c.objc; path = PMProfileDataSource.m; sourceTree = "<group>"; };
		DBAB410316E48BD600BCB5C2 /* pen-and-notepad-icon-vector-981374.png */ = {isa = PBXFileReference; lastKnownFileType = image.png; name = "pen-and-notepad-icon-vector-981374.png"; path = "ProductivityManager/pen-and-notepad-icon-vector-981374.png"; sourceTree = SOURCE_ROOT; };
		DBAB410716E48DD900BCB5C2 /* PMIcon.icns */ = {isa = PBXFileReference; lastKnownFileType = image.icns; path = PMIcon.icns; sourceTree = "<group>"; };
		DBE8DA7C16E54A7400739055 /* PMUtils.h */ = {isa = PBXFileReference; fileEncoding = 4; lastKnownFileType = sourcecode.c.h; path = PMUtils.h; sourceTree = "<group>"; };
		DBE8DA7D16E54A7400739055 /* PMUtils.m */ = {isa = PBXFileReference; fileEncoding = 4; lastKnownFileType = sourcecode.c.objc; path = PMUtils.m; sourceTree = "<group>"; };
/* End PBXFileReference section */

/* Begin PBXFrameworksBuildPhase section */
		DB2C2A6C16E431AE001384E4 /* Frameworks */ = {
			isa = PBXFrameworksBuildPhase;
			buildActionMask = 2147483647;
			files = (
				DB2C2A7316E431AE001384E4 /* Cocoa.framework in Frameworks */,
			);
			runOnlyForDeploymentPostprocessing = 0;
		};
		DB2C2A8B16E431AE001384E4 /* Frameworks */ = {
			isa = PBXFrameworksBuildPhase;
			buildActionMask = 2147483647;
			files = (
				DB2C2A9116E431AE001384E4 /* SenTestingKit.framework in Frameworks */,
				DB2C2A9216E431AE001384E4 /* Cocoa.framework in Frameworks */,
			);
			runOnlyForDeploymentPostprocessing = 0;
		};
/* End PBXFrameworksBuildPhase section */

/* Begin PBXGroup section */
		DB2C2A6616E431AE001384E4 = {
			isa = PBXGroup;
			children = (
				DBAB410716E48DD900BCB5C2 /* PMIcon.icns */,
				DB2C2A7816E431AE001384E4 /* ProductivityManager */,
				DB2C2A9516E431AE001384E4 /* ProductivityManagerTests */,
				DB2C2A7116E431AE001384E4 /* Frameworks */,
				DB2C2A7016E431AE001384E4 /* Products */,
			);
			sourceTree = "<group>";
		};
		DB2C2A7016E431AE001384E4 /* Products */ = {
			isa = PBXGroup;
			children = (
				DB2C2A6F16E431AE001384E4 /* ProductivityManager.app */,
				DB2C2A8F16E431AE001384E4 /* ProductivityManagerTests.octest */,
			);
			name = Products;
			sourceTree = "<group>";
		};
		DB2C2A7116E431AE001384E4 /* Frameworks */ = {
			isa = PBXGroup;
			children = (
				DB2C2A7216E431AE001384E4 /* Cocoa.framework */,
				DB2C2A9016E431AE001384E4 /* SenTestingKit.framework */,
				DB2C2A7416E431AE001384E4 /* Other Frameworks */,
			);
			name = Frameworks;
			sourceTree = "<group>";
		};
		DB2C2A7416E431AE001384E4 /* Other Frameworks */ = {
			isa = PBXGroup;
			children = (
				DB2C2A7516E431AE001384E4 /* AppKit.framework */,
				DB2C2A7616E431AE001384E4 /* CoreData.framework */,
				DB2C2A7716E431AE001384E4 /* Foundation.framework */,
			);
			name = "Other Frameworks";
			sourceTree = "<group>";
		};
		DB2C2A7816E431AE001384E4 /* ProductivityManager */ = {
			isa = PBXGroup;
			children = (
				DB2C2A8416E431AE001384E4 /* PMAppDelegate.h */,
				DB2C2A8516E431AE001384E4 /* PMAppDelegate.m */,
				DB2C2A8716E431AE001384E4 /* MainMenu.xib */,
				DB2C2A7916E431AE001384E4 /* Supporting Files */,
				DB2C2AA616E43712001384E4 /* PMModeManager.h */,
				DB2C2AA716E43712001384E4 /* PMModeManager.m */,
				DBE8DA7C16E54A7400739055 /* PMUtils.h */,
				DBE8DA7D16E54A7400739055 /* PMUtils.m */,
				DB0A577616E6592F00760832 /* PMProfileManager.h */,
				DB0A577716E6592F00760832 /* PMProfileManager.m */,
				DB85F10A16F3D18700855368 /* PMProfileDataSource.h */,
				DB85F10B16F3D18700855368 /* PMProfileDataSource.m */,
			);
			path = ProductivityManager;
			sourceTree = "<group>";
		};
		DB2C2A7916E431AE001384E4 /* Supporting Files */ = {
			isa = PBXGroup;
			children = (
				DB2C2A7A16E431AE001384E4 /* ProductivityManager-Info.plist */,
				DB2C2A7B16E431AE001384E4 /* InfoPlist.strings */,
				DBAB410316E48BD600BCB5C2 /* pen-and-notepad-icon-vector-981374.png */,
				DB2C2A7E16E431AE001384E4 /* main.m */,
				DB2C2A8016E431AE001384E4 /* ProductivityManager-Prefix.pch */,
				DB2C2A8116E431AE001384E4 /* Credits.rtf */,
				DB2C2AA916E43A58001384E4 /* todo.txt */,
			);
			name = "Supporting Files";
			sourceTree = "<group>";
		};
		DB2C2A9516E431AE001384E4 /* ProductivityManagerTests */ = {
			isa = PBXGroup;
			children = (
				DB2C2A9B16E431AE001384E4 /* ProductivityManagerTests.h */,
				DB2C2A9C16E431AE001384E4 /* ProductivityManagerTests.m */,
				DB2C2A9616E431AE001384E4 /* Supporting Files */,
			);
			path = ProductivityManagerTests;
			sourceTree = "<group>";
		};
		DB2C2A9616E431AE001384E4 /* Supporting Files */ = {
			isa = PBXGroup;
			children = (
				DB2C2A9716E431AE001384E4 /* ProductivityManagerTests-Info.plist */,
				DB2C2A9816E431AE001384E4 /* InfoPlist.strings */,
			);
			name = "Supporting Files";
			sourceTree = "<group>";
		};
/* End PBXGroup section */

/* Begin PBXNativeTarget section */
		DB2C2A6E16E431AE001384E4 /* ProductivityManager */ = {
			isa = PBXNativeTarget;
			buildConfigurationList = DB2C2AA016E431AE001384E4 /* Build configuration list for PBXNativeTarget "ProductivityManager" */;
			buildPhases = (
				DB2C2A6B16E431AE001384E4 /* Sources */,
				DB2C2A6C16E431AE001384E4 /* Frameworks */,
				DB2C2A6D16E431AE001384E4 /* Resources */,
			);
			buildRules = (
			);
			dependencies = (
			);
			name = ProductivityManager;
			productName = ProductivityManager;
			productReference = DB2C2A6F16E431AE001384E4 /* ProductivityManager.app */;
			productType = "com.apple.product-type.application";
		};
		DB2C2A8E16E431AE001384E4 /* ProductivityManagerTests */ = {
			isa = PBXNativeTarget;
			buildConfigurationList = DB2C2AA316E431AE001384E4 /* Build configuration list for PBXNativeTarget "ProductivityManagerTests" */;
			buildPhases = (
				DB2C2A8A16E431AE001384E4 /* Sources */,
				DB2C2A8B16E431AE001384E4 /* Frameworks */,
				DB2C2A8C16E431AE001384E4 /* Resources */,
				DB2C2A8D16E431AE001384E4 /* ShellScript */,
			);
			buildRules = (
			);
			dependencies = (
				DB2C2A9416E431AE001384E4 /* PBXTargetDependency */,
			);
			name = ProductivityManagerTests;
			productName = ProductivityManagerTests;
			productReference = DB2C2A8F16E431AE001384E4 /* ProductivityManagerTests.octest */;
			productType = "com.apple.product-type.bundle";
		};
/* End PBXNativeTarget section */

/* Begin PBXProject section */
		DB2C2A6716E431AE001384E4 /* Project object */ = {
			isa = PBXProject;
			attributes = {
				CLASSPREFIX = PM;
				LastUpgradeCheck = 0460;
				ORGANIZATIONNAME = Orion;
			};
			buildConfigurationList = DB2C2A6A16E431AE001384E4 /* Build configuration list for PBXProject "ProductivityManager" */;
			compatibilityVersion = "Xcode 3.2";
			developmentRegion = English;
			hasScannedForEncodings = 0;
			knownRegions = (
				en,
			);
			mainGroup = DB2C2A6616E431AE001384E4;
			productRefGroup = DB2C2A7016E431AE001384E4 /* Products */;
			projectDirPath = "";
			projectRoot = "";
			targets = (
				DB2C2A6E16E431AE001384E4 /* ProductivityManager */,
				DB2C2A8E16E431AE001384E4 /* ProductivityManagerTests */,
			);
		};
/* End PBXProject section */

/* Begin PBXResourcesBuildPhase section */
		DB2C2A6D16E431AE001384E4 /* Resources */ = {
			isa = PBXResourcesBuildPhase;
			buildActionMask = 2147483647;
			files = (
				DB2C2A7D16E431AE001384E4 /* InfoPlist.strings in Resources */,
				DB2C2A8316E431AE001384E4 /* Credits.rtf in Resources */,
				DB2C2A8916E431AE001384E4 /* MainMenu.xib in Resources */,
				DB2C2AAA16E43A58001384E4 /* todo.txt in Resources */,
				DBAB410416E48BD600BCB5C2 /* pen-and-notepad-icon-vector-981374.png in Resources */,
				DBAB410816E48DD900BCB5C2 /* PMIcon.icns in Resources */,
			);
			runOnlyForDeploymentPostprocessing = 0;
		};
		DB2C2A8C16E431AE001384E4 /* Resources */ = {
			isa = PBXResourcesBuildPhase;
			buildActionMask = 2147483647;
			files = (
				DB2C2A9A16E431AE001384E4 /* InfoPlist.strings in Resources */,
			);
			runOnlyForDeploymentPostprocessing = 0;
		};
/* End PBXResourcesBuildPhase section */

/* Begin PBXShellScriptBuildPhase section */
		DB2C2A8D16E431AE001384E4 /* ShellScript */ = {
			isa = PBXShellScriptBuildPhase;
			buildActionMask = 2147483647;
			files = (
			);
			inputPaths = (
			);
			outputPaths = (
			);
			runOnlyForDeploymentPostprocessing = 0;
			shellPath = /bin/sh;
			shellScript = "# Run the unit tests in this test bundle.\n\"${SYSTEM_DEVELOPER_DIR}/Tools/RunUnitTests\"\n";
		};
/* End PBXShellScriptBuildPhase section */

/* Begin PBXSourcesBuildPhase section */
		DB2C2A6B16E431AE001384E4 /* Sources */ = {
			isa = PBXSourcesBuildPhase;
			buildActionMask = 2147483647;
			files = (
				DB2C2A7F16E431AE001384E4 /* main.m in Sources */,
				DB2C2A8616E431AE001384E4 /* PMAppDelegate.m in Sources */,
				DB2C2AA816E43712001384E4 /* PMModeManager.m in Sources */,
				DBE8DA7E16E54A7400739055 /* PMUtils.m in Sources */,
				DB0A577816E6592F00760832 /* PMProfileManager.m in Sources */,
				DB85F10C16F3D18700855368 /* PMProfileDataSource.m in Sources */,
			);
			runOnlyForDeploymentPostprocessing = 0;
		};
		DB2C2A8A16E431AE001384E4 /* Sources */ = {
			isa = PBXSourcesBuildPhase;
			buildActionMask = 2147483647;
			files = (
				DB2C2A9D16E431AE001384E4 /* ProductivityManagerTests.m in Sources */,
			);
			runOnlyForDeploymentPostprocessing = 0;
		};
/* End PBXSourcesBuildPhase section */

/* Begin PBXTargetDependency section */
		DB2C2A9416E431AE001384E4 /* PBXTargetDependency */ = {
			isa = PBXTargetDependency;
			target = DB2C2A6E16E431AE001384E4 /* ProductivityManager */;
			targetProxy = DB2C2A9316E431AE001384E4 /* PBXContainerItemProxy */;
		};
/* End PBXTargetDependency section */

/* Begin PBXVariantGroup section */
		DB2C2A7B16E431AE001384E4 /* InfoPlist.strings */ = {
			isa = PBXVariantGroup;
			children = (
				DB2C2A7C16E431AE001384E4 /* en */,
			);
			name = InfoPlist.strings;
			sourceTree = "<group>";
		};
		DB2C2A8116E431AE001384E4 /* Credits.rtf */ = {
			isa = PBXVariantGroup;
			children = (
				DB2C2A8216E431AE001384E4 /* en */,
			);
			name = Credits.rtf;
			sourceTree = "<group>";
		};
		DB2C2A8716E431AE001384E4 /* MainMenu.xib */ = {
			isa = PBXVariantGroup;
			children = (
				DB2C2A8816E431AE001384E4 /* en */,
			);
			name = MainMenu.xib;
			sourceTree = "<group>";
		};
		DB2C2A9816E431AE001384E4 /* InfoPlist.strings */ = {
			isa = PBXVariantGroup;
			children = (
				DB2C2A9916E431AE001384E4 /* en */,
			);
			name = InfoPlist.strings;
			sourceTree = "<group>";
		};
/* End PBXVariantGroup section */

/* Begin XCBuildConfiguration section */
		DB2C2A9E16E431AE001384E4 /* Debug */ = {
			isa = XCBuildConfiguration;
			buildSettings = {
				ALWAYS_SEARCH_USER_PATHS = NO;
				ARCHS = "$(ARCHS_STANDARD_64_BIT)";
				CLANG_CXX_LANGUAGE_STANDARD = "gnu++0x";
				CLANG_CXX_LIBRARY = "libc++";
				CLANG_ENABLE_OBJC_ARC = YES;
				CLANG_WARN_CONSTANT_CONVERSION = YES;
				CLANG_WARN_EMPTY_BODY = YES;
				CLANG_WARN_ENUM_CONVERSION = YES;
				CLANG_WARN_INT_CONVERSION = YES;
				CLANG_WARN__DUPLICATE_METHOD_MATCH = YES;
				COPY_PHASE_STRIP = NO;
				GCC_C_LANGUAGE_STANDARD = gnu99;
				GCC_DYNAMIC_NO_PIC = NO;
				GCC_ENABLE_OBJC_EXCEPTIONS = YES;
				GCC_OPTIMIZATION_LEVEL = 0;
				GCC_PREPROCESSOR_DEFINITIONS = (
					"DEBUG=1",
					"$(inherited)",
				);
				GCC_SYMBOLS_PRIVATE_EXTERN = NO;
				GCC_WARN_64_TO_32_BIT_CONVERSION = YES;
				GCC_WARN_ABOUT_RETURN_TYPE = YES;
				GCC_WARN_UNINITIALIZED_AUTOS = YES;
				GCC_WARN_UNUSED_VARIABLE = YES;
				MACOSX_DEPLOYMENT_TARGET = 10.8;
				ONLY_ACTIVE_ARCH = YES;
				SDKROOT = macosx;
			};
			name = Debug;
		};
		DB2C2A9F16E431AE001384E4 /* Release */ = {
			isa = XCBuildConfiguration;
			buildSettings = {
				ALWAYS_SEARCH_USER_PATHS = NO;
				ARCHS = "$(ARCHS_STANDARD_64_BIT)";
				CLANG_CXX_LANGUAGE_STANDARD = "gnu++0x";
				CLANG_CXX_LIBRARY = "libc++";
				CLANG_ENABLE_OBJC_ARC = YES;
				CLANG_WARN_CONSTANT_CONVERSION = YES;
				CLANG_WARN_EMPTY_BODY = YES;
				CLANG_WARN_ENUM_CONVERSION = YES;
				CLANG_WARN_INT_CONVERSION = YES;
				CLANG_WARN__DUPLICATE_METHOD_MATCH = YES;
				COPY_PHASE_STRIP = YES;
				DEBUG_INFORMATION_FORMAT = "dwarf-with-dsym";
				GCC_C_LANGUAGE_STANDARD = gnu99;
				GCC_ENABLE_OBJC_EXCEPTIONS = YES;
				GCC_WARN_64_TO_32_BIT_CONVERSION = YES;
				GCC_WARN_ABOUT_RETURN_TYPE = YES;
				GCC_WARN_UNINITIALIZED_AUTOS = YES;
				GCC_WARN_UNUSED_VARIABLE = YES;
				MACOSX_DEPLOYMENT_TARGET = 10.8;
				SDKROOT = macosx;
			};
			name = Release;
		};
		DB2C2AA116E431AE001384E4 /* Debug */ = {
			isa = XCBuildConfiguration;
			buildSettings = {
				COMBINE_HIDPI_IMAGES = YES;
				GCC_PRECOMPILE_PREFIX_HEADER = YES;
				GCC_PREFIX_HEADER = "ProductivityManager/ProductivityManager-Prefix.pch";
				INFOPLIST_FILE = "ProductivityManager/ProductivityManager-Info.plist";
				PRODUCT_NAME = "$(TARGET_NAME)";
				WRAPPER_EXTENSION = app;
			};
			name = Debug;
		};
		DB2C2AA216E431AE001384E4 /* Release */ = {
			isa = XCBuildConfiguration;
			buildSettings = {
				COMBINE_HIDPI_IMAGES = YES;
				GCC_PRECOMPILE_PREFIX_HEADER = YES;
				GCC_PREFIX_HEADER = "ProductivityManager/ProductivityManager-Prefix.pch";
				INFOPLIST_FILE = "ProductivityManager/ProductivityManager-Info.plist";
				PRODUCT_NAME = "$(TARGET_NAME)";
				WRAPPER_EXTENSION = app;
			};
			name = Release;
		};
		DB2C2AA416E431AE001384E4 /* Debug */ = {
			isa = XCBuildConfiguration;
			buildSettings = {
				BUNDLE_LOADER = "$(BUILT_PRODUCTS_DIR)/ProductivityManager.app/Contents/MacOS/ProductivityManager";
				COMBINE_HIDPI_IMAGES = YES;
				FRAMEWORK_SEARCH_PATHS = "\"$(DEVELOPER_LIBRARY_DIR)/Frameworks\"";
				GCC_PRECOMPILE_PREFIX_HEADER = YES;
				GCC_PREFIX_HEADER = "ProductivityManager/ProductivityManager-Prefix.pch";
				INFOPLIST_FILE = "ProductivityManagerTests/ProductivityManagerTests-Info.plist";
				PRODUCT_NAME = "$(TARGET_NAME)";
				TEST_HOST = "$(BUNDLE_LOADER)";
				WRAPPER_EXTENSION = octest;
			};
			name = Debug;
		};
		DB2C2AA516E431AE001384E4 /* Release */ = {
			isa = XCBuildConfiguration;
			buildSettings = {
				BUNDLE_LOADER = "$(BUILT_PRODUCTS_DIR)/ProductivityManager.app/Contents/MacOS/ProductivityManager";
				COMBINE_HIDPI_IMAGES = YES;
				FRAMEWORK_SEARCH_PATHS = "\"$(DEVELOPER_LIBRARY_DIR)/Frameworks\"";
				GCC_PRECOMPILE_PREFIX_HEADER = YES;
				GCC_PREFIX_HEADER = "ProductivityManager/ProductivityManager-Prefix.pch";
				INFOPLIST_FILE = "ProductivityManagerTests/ProductivityManagerTests-Info.plist";
				PRODUCT_NAME = "$(TARGET_NAME)";
				TEST_HOST = "$(BUNDLE_LOADER)";
				WRAPPER_EXTENSION = octest;
			};
			name = Release;
		};
/* End XCBuildConfiguration section */

/* Begin XCConfigurationList section */
		DB2C2A6A16E431AE001384E4 /* Build configuration list for PBXProject "ProductivityManager" */ = {
			isa = XCConfigurationList;
			buildConfigurations = (
				DB2C2A9E16E431AE001384E4 /* Debug */,
				DB2C2A9F16E431AE001384E4 /* Release */,
			);
			defaultConfigurationIsVisible = 0;
			defaultConfigurationName = Release;
		};
		DB2C2AA016E431AE001384E4 /* Build configuration list for PBXNativeTarget "ProductivityManager" */ = {
			isa = XCConfigurationList;
			buildConfigurations = (
				DB2C2AA116E431AE001384E4 /* Debug */,
				DB2C2AA216E431AE001384E4 /* Release */,
			);
			defaultConfigurationIsVisible = 0;
			defaultConfigurationName = Release;
		};
		DB2C2AA316E431AE001384E4 /* Build configuration list for PBXNativeTarget "ProductivityManagerTests" */ = {
			isa = XCConfigurationList;
			buildConfigurations = (
				DB2C2AA416E431AE001384E4 /* Debug */,
				DB2C2AA516E431AE001384E4 /* Release */,
			);
			defaultConfigurationIsVisible = 0;
			defaultConfigurationName = Release;
		};
/* End XCConfigurationList section */
	};
	rootObject = DB2C2A6716E431AE001384E4 /* Project object */;
}
